// !$*UTF8*$!
{
	archiveVersion = 1;
	classes = {
	};
	objectVersion = 56;
	objects = {

/* Begin PBXBuildFile section */
		450BC0B82CE4E3F200F0D7DE /* ColorCollectionViewCell.swift in Sources */ = {isa = PBXBuildFile; fileRef = 450BC0B72CE4E3F200F0D7DE /* ColorCollectionViewCell.swift */; };
		450BC0BA2CE5E83100F0D7DE /* TrackerCollectionViewCell.swift in Sources */ = {isa = PBXBuildFile; fileRef = 450BC0B92CE5E83100F0D7DE /* TrackerCollectionViewCell.swift */; };
		450FBEDD2CD9534C0074D8CB /* Tracker.swift in Sources */ = {isa = PBXBuildFile; fileRef = 450FBEDC2CD9534C0074D8CB /* Tracker.swift */; };
		450FBEDF2CD9535E0074D8CB /* TrackerCategory.swift in Sources */ = {isa = PBXBuildFile; fileRef = 450FBEDE2CD9535E0074D8CB /* TrackerCategory.swift */; };
		450FBEE12CD9536D0074D8CB /* TrackerRecord.swift in Sources */ = {isa = PBXBuildFile; fileRef = 450FBEE02CD9536D0074D8CB /* TrackerRecord.swift */; };
		450FBEE32CE1F4060074D8CB /* AddTrackerViewController.swift in Sources */ = {isa = PBXBuildFile; fileRef = 450FBEE22CE1F4060074D8CB /* AddTrackerViewController.swift */; };
		452919352CE21CB2000DA963 /* NewHabitViewController.swift in Sources */ = {isa = PBXBuildFile; fileRef = 452919342CE21CB2000DA963 /* NewHabitViewController.swift */; };
		454A077B2CD2BA3C0036C3ED /* TabBarController.swift in Sources */ = {isa = PBXBuildFile; fileRef = 454A077A2CD2BA3C0036C3ED /* TabBarController.swift */; };
		454A077D2CD39A510036C3ED /* StatisticsViewController.swift in Sources */ = {isa = PBXBuildFile; fileRef = 454A077C2CD39A510036C3ED /* StatisticsViewController.swift */; };
		454A077F2CD39A7A0036C3ED /* TrackersViewController.swift in Sources */ = {isa = PBXBuildFile; fileRef = 454A077E2CD39A7A0036C3ED /* TrackersViewController.swift */; };
		45AC323E2CE341DF007D4235 /* CustomTableViewCell.swift in Sources */ = {isa = PBXBuildFile; fileRef = 45AC323D2CE341DF007D4235 /* CustomTableViewCell.swift */; };
		45AC32602CE3E79B007D4235 /* EmojiCollectionViewCell.swift in Sources */ = {isa = PBXBuildFile; fileRef = 45AC325F2CE3E79B007D4235 /* EmojiCollectionViewCell.swift */; };
		45AC32622CE3E8BA007D4235 /* EmojiCollectionView.swift in Sources */ = {isa = PBXBuildFile; fileRef = 45AC32612CE3E8BA007D4235 /* EmojiCollectionView.swift */; };
		45C038102CCD5B7E00D0481C /* AppDelegate.swift in Sources */ = {isa = PBXBuildFile; fileRef = 45C0380F2CCD5B7E00D0481C /* AppDelegate.swift */; };
		45C038122CCD5B7E00D0481C /* SceneDelegate.swift in Sources */ = {isa = PBXBuildFile; fileRef = 45C038112CCD5B7E00D0481C /* SceneDelegate.swift */; };
		45C038192CCD5B7F00D0481C /* Assets.xcassets in Resources */ = {isa = PBXBuildFile; fileRef = 45C038182CCD5B7F00D0481C /* Assets.xcassets */; };
		45C0381C2CCD5B7F00D0481C /* Base in Resources */ = {isa = PBXBuildFile; fileRef = 45C0381B2CCD5B7F00D0481C /* Base */; };
		45F713FE2CE68F7D00F0508E /* ScheduleTableViewController.swift in Sources */ = {isa = PBXBuildFile; fileRef = 45F713FD2CE68F7D00F0508E /* ScheduleTableViewController.swift */; };
		45F714002CE694F200F0508E /* ScheduleTableViewCell.swift in Sources */ = {isa = PBXBuildFile; fileRef = 45F713FF2CE694F200F0508E /* ScheduleTableViewCell.swift */; };
		45F714022CE7700200F0508E /* CategoryTableViewController.swift in Sources */ = {isa = PBXBuildFile; fileRef = 45F714012CE7700200F0508E /* CategoryTableViewController.swift */; };
		45F714042CEB496C00F0508E /* DataManager.swift in Sources */ = {isa = PBXBuildFile; fileRef = 45F714032CEB496C00F0508E /* DataManager.swift */; };
		45F714062CEB5BB600F0508E /* TrackerCell.swift in Sources */ = {isa = PBXBuildFile; fileRef = 45F714052CEB5BB600F0508E /* TrackerCell.swift */; };
		45F7140A2CEE767A00F0508E /* CategoryTableViewCell.swift in Sources */ = {isa = PBXBuildFile; fileRef = 45F714092CEE767A00F0508E /* CategoryTableViewCell.swift */; };
/* End PBXBuildFile section */

/* Begin PBXFileReference section */
		450BC0B72CE4E3F200F0D7DE /* ColorCollectionViewCell.swift */ = {isa = PBXFileReference; lastKnownFileType = sourcecode.swift; path = ColorCollectionViewCell.swift; sourceTree = "<group>"; };
		450BC0B92CE5E83100F0D7DE /* TrackerCollectionViewCell.swift */ = {isa = PBXFileReference; lastKnownFileType = sourcecode.swift; path = TrackerCollectionViewCell.swift; sourceTree = "<group>"; };
		450FBEDC2CD9534C0074D8CB /* Tracker.swift */ = {isa = PBXFileReference; lastKnownFileType = sourcecode.swift; path = Tracker.swift; sourceTree = "<group>"; };
		450FBEDE2CD9535E0074D8CB /* TrackerCategory.swift */ = {isa = PBXFileReference; lastKnownFileType = sourcecode.swift; path = TrackerCategory.swift; sourceTree = "<group>"; };
		450FBEE02CD9536D0074D8CB /* TrackerRecord.swift */ = {isa = PBXFileReference; lastKnownFileType = sourcecode.swift; path = TrackerRecord.swift; sourceTree = "<group>"; };
		450FBEE22CE1F4060074D8CB /* AddTrackerViewController.swift */ = {isa = PBXFileReference; lastKnownFileType = sourcecode.swift; path = AddTrackerViewController.swift; sourceTree = "<group>"; };
		452919342CE21CB2000DA963 /* NewHabitViewController.swift */ = {isa = PBXFileReference; lastKnownFileType = sourcecode.swift; path = NewHabitViewController.swift; sourceTree = "<group>"; };
		454A077A2CD2BA3C0036C3ED /* TabBarController.swift */ = {isa = PBXFileReference; lastKnownFileType = sourcecode.swift; path = TabBarController.swift; sourceTree = "<group>"; };
		454A077C2CD39A510036C3ED /* StatisticsViewController.swift */ = {isa = PBXFileReference; lastKnownFileType = sourcecode.swift; path = StatisticsViewController.swift; sourceTree = "<group>"; };
		454A077E2CD39A7A0036C3ED /* TrackersViewController.swift */ = {isa = PBXFileReference; lastKnownFileType = sourcecode.swift; path = TrackersViewController.swift; sourceTree = "<group>"; };
		45AC323D2CE341DF007D4235 /* CustomTableViewCell.swift */ = {isa = PBXFileReference; lastKnownFileType = sourcecode.swift; path = CustomTableViewCell.swift; sourceTree = "<group>"; };
		45AC325F2CE3E79B007D4235 /* EmojiCollectionViewCell.swift */ = {isa = PBXFileReference; lastKnownFileType = sourcecode.swift; path = EmojiCollectionViewCell.swift; sourceTree = "<group>"; };
		45AC32612CE3E8BA007D4235 /* EmojiCollectionView.swift */ = {isa = PBXFileReference; lastKnownFileType = sourcecode.swift; path = EmojiCollectionView.swift; sourceTree = "<group>"; };
		45C0380C2CCD5B7E00D0481C /* Tracker.app */ = {isa = PBXFileReference; explicitFileType = wrapper.application; includeInIndex = 0; path = Tracker.app; sourceTree = BUILT_PRODUCTS_DIR; };
		45C0380F2CCD5B7E00D0481C /* AppDelegate.swift */ = {isa = PBXFileReference; lastKnownFileType = sourcecode.swift; path = AppDelegate.swift; sourceTree = "<group>"; };
		45C038112CCD5B7E00D0481C /* SceneDelegate.swift */ = {isa = PBXFileReference; lastKnownFileType = sourcecode.swift; path = SceneDelegate.swift; sourceTree = "<group>"; };
		45C038182CCD5B7F00D0481C /* Assets.xcassets */ = {isa = PBXFileReference; lastKnownFileType = folder.assetcatalog; path = Assets.xcassets; sourceTree = "<group>"; };
		45C0381B2CCD5B7F00D0481C /* Base */ = {isa = PBXFileReference; lastKnownFileType = file.storyboard; name = Base; path = Base.lproj/LaunchScreen.storyboard; sourceTree = "<group>"; };
		45C0381D2CCD5B7F00D0481C /* Info.plist */ = {isa = PBXFileReference; lastKnownFileType = text.plist.xml; path = Info.plist; sourceTree = "<group>"; };
		45F713FD2CE68F7D00F0508E /* ScheduleTableViewController.swift */ = {isa = PBXFileReference; lastKnownFileType = sourcecode.swift; path = ScheduleTableViewController.swift; sourceTree = "<group>"; };
		45F713FF2CE694F200F0508E /* ScheduleTableViewCell.swift */ = {isa = PBXFileReference; lastKnownFileType = sourcecode.swift; path = ScheduleTableViewCell.swift; sourceTree = "<group>"; };
		45F714012CE7700200F0508E /* CategoryTableViewController.swift */ = {isa = PBXFileReference; lastKnownFileType = sourcecode.swift; path = CategoryTableViewController.swift; sourceTree = "<group>"; };
		45F714032CEB496C00F0508E /* DataManager.swift */ = {isa = PBXFileReference; lastKnownFileType = sourcecode.swift; path = DataManager.swift; sourceTree = "<group>"; };
		45F714052CEB5BB600F0508E /* TrackerCell.swift */ = {isa = PBXFileReference; lastKnownFileType = sourcecode.swift; path = TrackerCell.swift; sourceTree = "<group>"; };
		45F714092CEE767A00F0508E /* CategoryTableViewCell.swift */ = {isa = PBXFileReference; lastKnownFileType = sourcecode.swift; path = CategoryTableViewCell.swift; sourceTree = "<group>"; };
/* End PBXFileReference section */

/* Begin PBXFrameworksBuildPhase section */
		45C038092CCD5B7E00D0481C /* Frameworks */ = {
			isa = PBXFrameworksBuildPhase;
			buildActionMask = 2147483647;
			files = (
			);
			runOnlyForDeploymentPostprocessing = 0;
		};
/* End PBXFrameworksBuildPhase section */

/* Begin PBXGroup section */
		45C038032CCD5B7E00D0481C = {
			isa = PBXGroup;
			children = (
				45C0380E2CCD5B7E00D0481C /* Tracker */,
				45C0380D2CCD5B7E00D0481C /* Products */,
			);
			sourceTree = "<group>";
		};
		45C0380D2CCD5B7E00D0481C /* Products */ = {
			isa = PBXGroup;
			children = (
				45C0380C2CCD5B7E00D0481C /* Tracker.app */,
			);
			name = Products;
			sourceTree = "<group>";
		};
		45C0380E2CCD5B7E00D0481C /* Tracker */ = {
			isa = PBXGroup;
			children = (
				45C0380F2CCD5B7E00D0481C /* AppDelegate.swift */,
				45C038112CCD5B7E00D0481C /* SceneDelegate.swift */,
				45C038182CCD5B7F00D0481C /* Assets.xcassets */,
				45C0381A2CCD5B7F00D0481C /* LaunchScreen.storyboard */,
				45C0381D2CCD5B7F00D0481C /* Info.plist */,
				454A077A2CD2BA3C0036C3ED /* TabBarController.swift */,
				454A077E2CD39A7A0036C3ED /* TrackersViewController.swift */,
				45F714052CEB5BB600F0508E /* TrackerCell.swift */,
				450BC0B92CE5E83100F0D7DE /* TrackerCollectionViewCell.swift */,
				454A077C2CD39A510036C3ED /* StatisticsViewController.swift */,
				450FBEE22CE1F4060074D8CB /* AddTrackerViewController.swift */,
				452919342CE21CB2000DA963 /* NewHabitViewController.swift */,
				450FBEDC2CD9534C0074D8CB /* Tracker.swift */,
				450FBEDE2CD9535E0074D8CB /* TrackerCategory.swift */,
				450FBEE02CD9536D0074D8CB /* TrackerRecord.swift */,
				45AC323D2CE341DF007D4235 /* CustomTableViewCell.swift */,
				45AC325F2CE3E79B007D4235 /* EmojiCollectionViewCell.swift */,
				45AC32612CE3E8BA007D4235 /* EmojiCollectionView.swift */,
				450BC0B72CE4E3F200F0D7DE /* ColorCollectionViewCell.swift */,
				45F713FD2CE68F7D00F0508E /* ScheduleTableViewController.swift */,
				45F713FF2CE694F200F0508E /* ScheduleTableViewCell.swift */,
				45F714012CE7700200F0508E /* CategoryTableViewController.swift */,
				45F714092CEE767A00F0508E /* CategoryTableViewCell.swift */,
				45F714032CEB496C00F0508E /* DataManager.swift */,
			);
			path = Tracker;
			sourceTree = "<group>";
		};
/* End PBXGroup section */

/* Begin PBXNativeTarget section */
		45C0380B2CCD5B7E00D0481C /* Tracker */ = {
			isa = PBXNativeTarget;
			buildConfigurationList = 45C038202CCD5B7F00D0481C /* Build configuration list for PBXNativeTarget "Tracker" */;
			buildPhases = (
				45C038082CCD5B7E00D0481C /* Sources */,
				45C038092CCD5B7E00D0481C /* Frameworks */,
				45C0380A2CCD5B7E00D0481C /* Resources */,
			);
			buildRules = (
			);
			dependencies = (
			);
			name = Tracker;
			productName = Tracker;
			productReference = 45C0380C2CCD5B7E00D0481C /* Tracker.app */;
			productType = "com.apple.product-type.application";
		};
/* End PBXNativeTarget section */

/* Begin PBXProject section */
		45C038042CCD5B7E00D0481C /* Project object */ = {
			isa = PBXProject;
			attributes = {
				BuildIndependentTargetsInParallel = 1;
				LastSwiftUpdateCheck = 1540;
				LastUpgradeCheck = 1540;
				TargetAttributes = {
					45C0380B2CCD5B7E00D0481C = {
						CreatedOnToolsVersion = 15.4;
					};
				};
			};
			buildConfigurationList = 45C038072CCD5B7E00D0481C /* Build configuration list for PBXProject "Tracker" */;
			compatibilityVersion = "Xcode 14.0";
			developmentRegion = en;
			hasScannedForEncodings = 0;
			knownRegions = (
				en,
				Base,
			);
			mainGroup = 45C038032CCD5B7E00D0481C;
			productRefGroup = 45C0380D2CCD5B7E00D0481C /* Products */;
			projectDirPath = "";
			projectRoot = "";
			targets = (
				45C0380B2CCD5B7E00D0481C /* Tracker */,
			);
		};
/* End PBXProject section */

/* Begin PBXResourcesBuildPhase section */
		45C0380A2CCD5B7E00D0481C /* Resources */ = {
			isa = PBXResourcesBuildPhase;
			buildActionMask = 2147483647;
			files = (
				45C038192CCD5B7F00D0481C /* Assets.xcassets in Resources */,
				45C0381C2CCD5B7F00D0481C /* Base in Resources */,
			);
			runOnlyForDeploymentPostprocessing = 0;
		};
/* End PBXResourcesBuildPhase section */

/* Begin PBXSourcesBuildPhase section */
		45C038082CCD5B7E00D0481C /* Sources */ = {
			isa = PBXSourcesBuildPhase;
			buildActionMask = 2147483647;
			files = (
				45F714062CEB5BB600F0508E /* TrackerCell.swift in Sources */,
				45F713FE2CE68F7D00F0508E /* ScheduleTableViewController.swift in Sources */,
				450BC0B82CE4E3F200F0D7DE /* ColorCollectionViewCell.swift in Sources */,
				45AC32602CE3E79B007D4235 /* EmojiCollectionViewCell.swift in Sources */,
				452919352CE21CB2000DA963 /* NewHabitViewController.swift in Sources */,
				454A077D2CD39A510036C3ED /* StatisticsViewController.swift in Sources */,
				450FBEDF2CD9535E0074D8CB /* TrackerCategory.swift in Sources */,
				454A077B2CD2BA3C0036C3ED /* TabBarController.swift in Sources */,
				45C038102CCD5B7E00D0481C /* AppDelegate.swift in Sources */,
				450BC0BA2CE5E83100F0D7DE /* TrackerCollectionViewCell.swift in Sources */,
				45AC323E2CE341DF007D4235 /* CustomTableViewCell.swift in Sources */,
				450FBEE32CE1F4060074D8CB /* AddTrackerViewController.swift in Sources */,
				45F714002CE694F200F0508E /* ScheduleTableViewCell.swift in Sources */,
				450FBEE12CD9536D0074D8CB /* TrackerRecord.swift in Sources */,
				45C038122CCD5B7E00D0481C /* SceneDelegate.swift in Sources */,
				45F714042CEB496C00F0508E /* DataManager.swift in Sources */,
				45F7140A2CEE767A00F0508E /* CategoryTableViewCell.swift in Sources */,
				45AC32622CE3E8BA007D4235 /* EmojiCollectionView.swift in Sources */,
				454A077F2CD39A7A0036C3ED /* TrackersViewController.swift in Sources */,
				45F714022CE7700200F0508E /* CategoryTableViewController.swift in Sources */,
				450FBEDD2CD9534C0074D8CB /* Tracker.swift in Sources */,
			);
			runOnlyForDeploymentPostprocessing = 0;
		};
/* End PBXSourcesBuildPhase section */

/* Begin PBXVariantGroup section */
		45C0381A2CCD5B7F00D0481C /* LaunchScreen.storyboard */ = {
			isa = PBXVariantGroup;
			children = (
				45C0381B2CCD5B7F00D0481C /* Base */,
			);
			name = LaunchScreen.storyboard;
			sourceTree = "<group>";
		};
/* End PBXVariantGroup section */

/* Begin XCBuildConfiguration section */
		45C0381E2CCD5B7F00D0481C /* Debug */ = {
			isa = XCBuildConfiguration;
			buildSettings = {
				ALWAYS_SEARCH_USER_PATHS = NO;
				ASSETCATALOG_COMPILER_GENERATE_SWIFT_ASSET_SYMBOL_EXTENSIONS = YES;
				CLANG_ANALYZER_NONNULL = YES;
				CLANG_ANALYZER_NUMBER_OBJECT_CONVERSION = YES_AGGRESSIVE;
				CLANG_CXX_LANGUAGE_STANDARD = "gnu++20";
				CLANG_ENABLE_MODULES = YES;
				CLANG_ENABLE_OBJC_ARC = YES;
				CLANG_ENABLE_OBJC_WEAK = YES;
				CLANG_WARN_BLOCK_CAPTURE_AUTORELEASING = YES;
				CLANG_WARN_BOOL_CONVERSION = YES;
				CLANG_WARN_COMMA = YES;
				CLANG_WARN_CONSTANT_CONVERSION = YES;
				CLANG_WARN_DEPRECATED_OBJC_IMPLEMENTATIONS = YES;
				CLANG_WARN_DIRECT_OBJC_ISA_USAGE = YES_ERROR;
				CLANG_WARN_DOCUMENTATION_COMMENTS = YES;
				CLANG_WARN_EMPTY_BODY = YES;
				CLANG_WARN_ENUM_CONVERSION = YES;
				CLANG_WARN_INFINITE_RECURSION = YES;
				CLANG_WARN_INT_CONVERSION = YES;
				CLANG_WARN_NON_LITERAL_NULL_CONVERSION = YES;
				CLANG_WARN_OBJC_IMPLICIT_RETAIN_SELF = YES;
				CLANG_WARN_OBJC_LITERAL_CONVERSION = YES;
				CLANG_WARN_OBJC_ROOT_CLASS = YES_ERROR;
				CLANG_WARN_QUOTED_INCLUDE_IN_FRAMEWORK_HEADER = YES;
				CLANG_WARN_RANGE_LOOP_ANALYSIS = YES;
				CLANG_WARN_STRICT_PROTOTYPES = YES;
				CLANG_WARN_SUSPICIOUS_MOVE = YES;
				CLANG_WARN_UNGUARDED_AVAILABILITY = YES_AGGRESSIVE;
				CLANG_WARN_UNREACHABLE_CODE = YES;
				CLANG_WARN__DUPLICATE_METHOD_MATCH = YES;
				COPY_PHASE_STRIP = NO;
				DEBUG_INFORMATION_FORMAT = dwarf;
				ENABLE_STRICT_OBJC_MSGSEND = YES;
				ENABLE_TESTABILITY = YES;
				ENABLE_USER_SCRIPT_SANDBOXING = YES;
				GCC_C_LANGUAGE_STANDARD = gnu17;
				GCC_DYNAMIC_NO_PIC = NO;
				GCC_NO_COMMON_BLOCKS = YES;
				GCC_OPTIMIZATION_LEVEL = 0;
				GCC_PREPROCESSOR_DEFINITIONS = (
					"DEBUG=1",
					"$(inherited)",
				);
				GCC_WARN_64_TO_32_BIT_CONVERSION = YES;
				GCC_WARN_ABOUT_RETURN_TYPE = YES_ERROR;
				GCC_WARN_UNDECLARED_SELECTOR = YES;
				GCC_WARN_UNINITIALIZED_AUTOS = YES_AGGRESSIVE;
				GCC_WARN_UNUSED_FUNCTION = YES;
				GCC_WARN_UNUSED_VARIABLE = YES;
				IPHONEOS_DEPLOYMENT_TARGET = 17.5;
				LOCALIZATION_PREFERS_STRING_CATALOGS = YES;
				MTL_ENABLE_DEBUG_INFO = INCLUDE_SOURCE;
				MTL_FAST_MATH = YES;
				ONLY_ACTIVE_ARCH = YES;
				SDKROOT = iphoneos;
				SWIFT_ACTIVE_COMPILATION_CONDITIONS = "DEBUG $(inherited)";
				SWIFT_OPTIMIZATION_LEVEL = "-Onone";
			};
			name = Debug;
		};
		45C0381F2CCD5B7F00D0481C /* Release */ = {
			isa = XCBuildConfiguration;
			buildSettings = {
				ALWAYS_SEARCH_USER_PATHS = NO;
				ASSETCATALOG_COMPILER_GENERATE_SWIFT_ASSET_SYMBOL_EXTENSIONS = YES;
				CLANG_ANALYZER_NONNULL = YES;
				CLANG_ANALYZER_NUMBER_OBJECT_CONVERSION = YES_AGGRESSIVE;
				CLANG_CXX_LANGUAGE_STANDARD = "gnu++20";
				CLANG_ENABLE_MODULES = YES;
				CLANG_ENABLE_OBJC_ARC = YES;
				CLANG_ENABLE_OBJC_WEAK = YES;
				CLANG_WARN_BLOCK_CAPTURE_AUTORELEASING = YES;
				CLANG_WARN_BOOL_CONVERSION = YES;
				CLANG_WARN_COMMA = YES;
				CLANG_WARN_CONSTANT_CONVERSION = YES;
				CLANG_WARN_DEPRECATED_OBJC_IMPLEMENTATIONS = YES;
				CLANG_WARN_DIRECT_OBJC_ISA_USAGE = YES_ERROR;
				CLANG_WARN_DOCUMENTATION_COMMENTS = YES;
				CLANG_WARN_EMPTY_BODY = YES;
				CLANG_WARN_ENUM_CONVERSION = YES;
				CLANG_WARN_INFINITE_RECURSION = YES;
				CLANG_WARN_INT_CONVERSION = YES;
				CLANG_WARN_NON_LITERAL_NULL_CONVERSION = YES;
				CLANG_WARN_OBJC_IMPLICIT_RETAIN_SELF = YES;
				CLANG_WARN_OBJC_LITERAL_CONVERSION = YES;
				CLANG_WARN_OBJC_ROOT_CLASS = YES_ERROR;
				CLANG_WARN_QUOTED_INCLUDE_IN_FRAMEWORK_HEADER = YES;
				CLANG_WARN_RANGE_LOOP_ANALYSIS = YES;
				CLANG_WARN_STRICT_PROTOTYPES = YES;
				CLANG_WARN_SUSPICIOUS_MOVE = YES;
				CLANG_WARN_UNGUARDED_AVAILABILITY = YES_AGGRESSIVE;
				CLANG_WARN_UNREACHABLE_CODE = YES;
				CLANG_WARN__DUPLICATE_METHOD_MATCH = YES;
				COPY_PHASE_STRIP = NO;
				DEBUG_INFORMATION_FORMAT = "dwarf-with-dsym";
				ENABLE_NS_ASSERTIONS = NO;
				ENABLE_STRICT_OBJC_MSGSEND = YES;
				ENABLE_USER_SCRIPT_SANDBOXING = YES;
				GCC_C_LANGUAGE_STANDARD = gnu17;
				GCC_NO_COMMON_BLOCKS = YES;
				GCC_WARN_64_TO_32_BIT_CONVERSION = YES;
				GCC_WARN_ABOUT_RETURN_TYPE = YES_ERROR;
				GCC_WARN_UNDECLARED_SELECTOR = YES;
				GCC_WARN_UNINITIALIZED_AUTOS = YES_AGGRESSIVE;
				GCC_WARN_UNUSED_FUNCTION = YES;
				GCC_WARN_UNUSED_VARIABLE = YES;
				IPHONEOS_DEPLOYMENT_TARGET = 17.5;
				LOCALIZATION_PREFERS_STRING_CATALOGS = YES;
				MTL_ENABLE_DEBUG_INFO = NO;
				MTL_FAST_MATH = YES;
				SDKROOT = iphoneos;
				SWIFT_COMPILATION_MODE = wholemodule;
				VALIDATE_PRODUCT = YES;
			};
			name = Release;
		};
		45C038212CCD5B7F00D0481C /* Debug */ = {
			isa = XCBuildConfiguration;
			buildSettings = {
				ASSETCATALOG_COMPILER_APPICON_NAME = AppIcon;
				ASSETCATALOG_COMPILER_GLOBAL_ACCENT_COLOR_NAME = AccentColor;
				CODE_SIGN_STYLE = Automatic;
				CURRENT_PROJECT_VERSION = 1;
				DEVELOPMENT_TEAM = 4L6P58WL3Q;
				GENERATE_INFOPLIST_FILE = YES;
				INFOPLIST_FILE = Tracker/Info.plist;
				INFOPLIST_KEY_UIApplicationSupportsIndirectInputEvents = YES;
				INFOPLIST_KEY_UILaunchStoryboardName = LaunchScreen;
				INFOPLIST_KEY_UISupportedInterfaceOrientations_iPad = "UIInterfaceOrientationPortrait UIInterfaceOrientationPortraitUpsideDown UIInterfaceOrientationLandscapeLeft UIInterfaceOrientationLandscapeRight";
				INFOPLIST_KEY_UISupportedInterfaceOrientations_iPhone = "UIInterfaceOrientationPortrait UIInterfaceOrientationLandscapeLeft UIInterfaceOrientationLandscapeRight";
				IPHONEOS_DEPLOYMENT_TARGET = 13.4;
				LD_RUNPATH_SEARCH_PATHS = (
					"$(inherited)",
					"@executable_path/Frameworks",
				);
				MARKETING_VERSION = 1.0;
				PRODUCT_BUNDLE_IDENTIFIER = com.nurbol.Tracker;
				PRODUCT_NAME = "$(TARGET_NAME)";
				SWIFT_EMIT_LOC_STRINGS = YES;
				SWIFT_VERSION = 5.0;
				TARGETED_DEVICE_FAMILY = "1,2";
			};
			name = Debug;
		};
		45C038222CCD5B7F00D0481C /* Release */ = {
			isa = XCBuildConfiguration;
			buildSettings = {
				ASSETCATALOG_COMPILER_APPICON_NAME = AppIcon;
				ASSETCATALOG_COMPILER_GLOBAL_ACCENT_COLOR_NAME = AccentColor;
				CODE_SIGN_STYLE = Automatic;
				CURRENT_PROJECT_VERSION = 1;
				DEVELOPMENT_TEAM = 4L6P58WL3Q;
				GENERATE_INFOPLIST_FILE = YES;
				INFOPLIST_FILE = Tracker/Info.plist;
				INFOPLIST_KEY_UIApplicationSupportsIndirectInputEvents = YES;
				INFOPLIST_KEY_UILaunchStoryboardName = LaunchScreen;
				INFOPLIST_KEY_UISupportedInterfaceOrientations_iPad = "UIInterfaceOrientationPortrait UIInterfaceOrientationPortraitUpsideDown UIInterfaceOrientationLandscapeLeft UIInterfaceOrientationLandscapeRight";
				INFOPLIST_KEY_UISupportedInterfaceOrientations_iPhone = "UIInterfaceOrientationPortrait UIInterfaceOrientationLandscapeLeft UIInterfaceOrientationLandscapeRight";
				IPHONEOS_DEPLOYMENT_TARGET = 13.4;
				LD_RUNPATH_SEARCH_PATHS = (
					"$(inherited)",
					"@executable_path/Frameworks",
				);
				MARKETING_VERSION = 1.0;
				PRODUCT_BUNDLE_IDENTIFIER = com.nurbol.Tracker;
				PRODUCT_NAME = "$(TARGET_NAME)";
				SWIFT_EMIT_LOC_STRINGS = YES;
				SWIFT_VERSION = 5.0;
				TARGETED_DEVICE_FAMILY = "1,2";
			};
			name = Release;
		};
/* End XCBuildConfiguration section */

/* Begin XCConfigurationList section */
		45C038072CCD5B7E00D0481C /* Build configuration list for PBXProject "Tracker" */ = {
			isa = XCConfigurationList;
			buildConfigurations = (
				45C0381E2CCD5B7F00D0481C /* Debug */,
				45C0381F2CCD5B7F00D0481C /* Release */,
			);
			defaultConfigurationIsVisible = 0;
			defaultConfigurationName = Release;
		};
		45C038202CCD5B7F00D0481C /* Build configuration list for PBXNativeTarget "Tracker" */ = {
			isa = XCConfigurationList;
			buildConfigurations = (
				45C038212CCD5B7F00D0481C /* Debug */,
				45C038222CCD5B7F00D0481C /* Release */,
			);
			defaultConfigurationIsVisible = 0;
			defaultConfigurationName = Release;
		};
/* End XCConfigurationList section */
	};
	rootObject = 45C038042CCD5B7E00D0481C /* Project object */;
}
